{
  "nodes": {
    "firefox-gnome-theme": {
      "flake": false,
      "locked": {
        "lastModified": 1689269757,
        "narHash": "sha256-tbTNVwwNL+L9EhpndRc4+qyrk4MZ1tecY1grSj1uO1Y=",
        "owner": "rafaelmardojai",
        "repo": "firefox-gnome-theme",
        "rev": "606947127b7b53bcdfdb07ac3bb14eeb9416eb28",
        "type": "github"
      },
      "original": {
        "owner": "rafaelmardojai",
        "repo": "firefox-gnome-theme",
        "type": "github"
      }
    },
    "flake-compat": {
      "flake": false,
      "locked": {
        "lastModified": 1673956053,
        "narHash": "sha256-4gtG9iQuiKITOjNQQeQIpoIB6b16fm+504Ch3sNKLd8=",
        "owner": "edolstra",
        "repo": "flake-compat",
        "rev": "35bb57c0c8d8b62bbfd284272c928ceb64ddbde9",
        "type": "github"
      },
      "original": {
        "owner": "edolstra",
        "repo": "flake-compat",
        "type": "github"
      }
    },
    "flake-utils": {
      "inputs": {
        "systems": "systems"
      },
      "locked": {
        "lastModified": 1681202837,
        "narHash": "sha256-H+Rh19JDwRtpVPAWp64F+rlEtxUWBAQW28eAi3SRSzg=",
        "owner": "numtide",
        "repo": "flake-utils",
        "rev": "cfacdce06f30d2b68473a46042957675eebb3401",
        "type": "github"
      },
      "original": {
        "owner": "numtide",
        "repo": "flake-utils",
        "type": "github"
      }
    },
    "flake-utils_2": {
      "inputs": {
        "systems": "systems_2"
      },
      "locked": {
        "lastModified": 1685518550,
        "narHash": "sha256-o2d0KcvaXzTrPRIo0kOLV0/QXHhDQ5DTi+OxcjO8xqY=",
        "owner": "numtide",
        "repo": "flake-utils",
        "rev": "a1720a10a6cfe8234c0e93907ffe81be440f4cef",
        "type": "github"
      },
      "original": {
        "owner": "numtide",
        "repo": "flake-utils",
        "type": "github"
      }
    },
    "fzf-tab": {
      "flake": false,
      "locked": {
        "lastModified": 1686496455,
        "narHash": "sha256-gvZp8P3quOtcy1Xtt1LAW1cfZ/zCtnAmnWqcwrKel6w=",
        "owner": "Aloxaf",
        "repo": "fzf-tab",
        "rev": "c2b4aa5ad2532cca91f23908ac7f00efb7ff09c9",
        "type": "github"
      },
      "original": {
        "owner": "Aloxaf",
        "repo": "fzf-tab",
        "type": "github"
      }
    },
    "home-manager": {
      "inputs": {
        "nixpkgs": [
          "nixpkgs"
        ]
      },
      "locked": {
        "lastModified": 1687871164,
        "narHash": "sha256-bBFlPthuYX322xOlpJvkjUBz0C+MOBjZdDOOJJ+G2jU=",
        "owner": "nix-community",
        "repo": "home-manager",
        "rev": "07c347bb50994691d7b0095f45ebd8838cf6bc38",
        "type": "github"
      },
      "original": {
        "owner": "nix-community",
        "ref": "release-23.05",
        "repo": "home-manager",
        "type": "github"
      }
    },
    "nix-vscode-extensions": {
      "inputs": {
        "flake-compat": "flake-compat",
        "flake-utils": "flake-utils",
        "nixpkgs": "nixpkgs"
      },
      "locked": {
        "lastModified": 1689213562,
        "narHash": "sha256-DLfhfolM9XSvWcSYtW1VT9wf5TQw0CgksIvbCjmpqHw=",
        "owner": "nix-community",
        "repo": "nix-vscode-extensions",
        "rev": "53ee5380756e60bef84d4bf03d2cf55f49d69bb5",
        "type": "github"
      },
      "original": {
        "owner": "nix-community",
        "repo": "nix-vscode-extensions",
        "type": "github"
      }
    },
    "nixos-hardware": {
      "locked": {
        "lastModified": 1689320556,
        "narHash": "sha256-vODUkZLWFVCvo1KPK3dC2CbXjxa9antEn5ozwlcTr48=",
        "owner": "NixOS",
        "repo": "nixos-hardware",
        "rev": "d4ea64f2063820120c05f6ba93ee02e6d4671d6b",
        "type": "github"
      },
      "original": {
        "owner": "NixOS",
        "ref": "master",
        "repo": "nixos-hardware",
        "type": "github"
      }
    },
    "nixpkgs": {
      "locked": {
        "lastModified": 1684570954,
        "narHash": "sha256-FX5y4Sm87RWwfu9PI71XFvuRpZLowh00FQpIJ1WfXqE=",
        "owner": "NixOS",
        "repo": "nixpkgs",
        "rev": "3005f20ce0aaa58169cdee57c8aa12e5f1b6e1b3",
        "type": "github"
      },
      "original": {
        "owner": "NixOS",
        "ref": "nixos-unstable",
        "repo": "nixpkgs",
        "type": "github"
      }
    },
    "nixpkgs-unstable": {
      "locked": {
        "lastModified": 1689192006,
        "narHash": "sha256-QM0f0d8oPphOTYJebsHioR9+FzJcy1QNIzREyubB91U=",
        "owner": "nixos",
        "repo": "nixpkgs",
        "rev": "2de8efefb6ce7f5e4e75bdf57376a96555986841",
        "type": "github"
      },
      "original": {
        "owner": "nixos",
        "ref": "nixos-unstable",
        "repo": "nixpkgs",
        "type": "github"
      }
    },
    "nixpkgs_2": {
      "locked": {
        "lastModified": 1689209875,
        "narHash": "sha256-8AVcBV1DiszaZzHFd5iLc8HSLfxRAuqcU0QdfBEF3Ag=",
        "owner": "nixos",
        "repo": "nixpkgs",
        "rev": "fcc147b1e9358a8386b2c4368bd928e1f63a7df2",
        "type": "github"
      },
      "original": {
        "owner": "nixos",
        "ref": "nixos-23.05",
        "repo": "nixpkgs",
        "type": "github"
      }
    },
    "nixpkgs_3": {
      "locked": {
        "lastModified": 1686020360,
        "narHash": "sha256-Wee7lIlZ6DIZHHLiNxU5KdYZQl0iprENXa/czzI6Cj4=",
        "owner": "NixOS",
        "repo": "nixpkgs",
        "rev": "4729ffac6fd12e26e5a8de002781ffc49b0e94b7",
        "type": "github"
      },
      "original": {
        "owner": "NixOS",
        "ref": "nixos-unstable",
        "repo": "nixpkgs",
        "type": "github"
      }
    },
    "nur": {
      "locked": {
        "lastModified": 1689268587,
        "narHash": "sha256-f2SCLzz6CfYIX9WN9MDQAz2T1YkI/ycYNwUZb1rpRiE=",
        "owner": "nix-community",
        "repo": "NUR",
        "rev": "b628a183586e0de78a9250728eb4acee4fac1818",
        "type": "github"
      },
      "original": {
        "owner": "nix-community",
        "repo": "NUR",
        "type": "github"
      }
    },
    "root": {
      "inputs": {
        "firefox-gnome-theme": "firefox-gnome-theme",
        "fzf-tab": "fzf-tab",
        "home-manager": "home-manager",
        "nix-vscode-extensions": "nix-vscode-extensions",
        "nixos-hardware": "nixos-hardware",
        "nixpkgs": "nixpkgs_2",
        "nixpkgs-unstable": "nixpkgs-unstable",
        "nur": "nur",
        "spicetify-nix": "spicetify-nix",
        "zsh-completions": "zsh-completions",
        "zsh-syntax-highlighting": "zsh-syntax-highlighting"
      }
    },
    "spicetify-nix": {
      "inputs": {
        "flake-utils": "flake-utils_2",
        "nixpkgs": "nixpkgs_3"
      },
      "locked": {
        "lastModified": 1686173678,
        "narHash": "sha256-aYzl34xb3u9I57sqkvSldQKltCnxhjvvLABjgFRxOVE=",
        "owner": "the-argus",
        "repo": "spicetify-nix",
        "rev": "f024752b691ac2dcb2ad378d72a2e3084ce83b79",
        "type": "github"
      },
      "original": {
        "owner": "the-argus",
        "repo": "spicetify-nix",
        "type": "github"
      }
    },
    "systems": {
      "locked": {
        "lastModified": 1681028828,
        "narHash": "sha256-Vy1rq5AaRuLzOxct8nz4T6wlgyUR7zLU309k9mBC768=",
        "owner": "nix-systems",
        "repo": "default",
        "rev": "da67096a3b9bf56a91d16901293e51ba5b49a27e",
        "type": "github"
      },
      "original": {
        "owner": "nix-systems",
        "repo": "default",
        "type": "github"
      }
    },
    "systems_2": {
      "locked": {
        "lastModified": 1681028828,
        "narHash": "sha256-Vy1rq5AaRuLzOxct8nz4T6wlgyUR7zLU309k9mBC768=",
        "owner": "nix-systems",
        "repo": "default",
        "rev": "da67096a3b9bf56a91d16901293e51ba5b49a27e",
        "type": "github"
      },
      "original": {
        "owner": "nix-systems",
        "repo": "default",
        "type": "github"
      }
    },
    "zsh-completions": {
      "flake": false,
      "locked": {
        "lastModified": 1688258532,
        "narHash": "sha256-wUlWy0FqZyluqxnRT7LD57lhEJYZ6Zkm99j99J1ppUE=",
        "owner": "zsh-users",
        "repo": "zsh-completions",
        "rev": "5328eb7c01270417ad6d0ce75682dea00dfa18f2",
        "type": "github"
      },
      "original": {
        "owner": "zsh-users",
        "repo": "zsh-completions",
        "type": "github"
      }
    },
    "zsh-syntax-highlighting": {
      "flake": false,
      "locked": {
        "lastModified": 1685766260,
        "narHash": "sha256-iKx7lsQCoSAbpANYFkNVCZlTFdwOEI34rx/h1rnraSg=",
        "owner": "zsh-users",
        "repo": "zsh-syntax-highlighting",
        "rev": "1386f1213eb0b0589d73cd3cf7c56e6a972a9bfd",
        "type": "github"
      },
      "original": {
        "owner": "zsh-users",
        "repo": "zsh-syntax-highlighting",
        "type": "github"
      }
    }
  },
  "root": "root",
  "version": 7
}
